// !$*UTF8*$!
{
	archiveVersion = 1;
	classes = {
	};
	objectVersion = 50;
	objects = {

/* Begin PBXBuildFile section */
		2D0CFA17239221FE00F8AFBB /* UIViewController+Transitionable.swift in Sources */ = {isa = PBXBuildFile; fileRef = 2D0CFA16239221FE00F8AFBB /* UIViewController+Transitionable.swift */; };
		84008BFB224A11B8000CB9A2 /* Day.swift in Sources */ = {isa = PBXBuildFile; fileRef = 84008BF7224A11B8000CB9A2 /* Day.swift */; };
		8472597C22AD3C7400BCBA42 /* NoteRecord.swift in Sources */ = {isa = PBXBuildFile; fileRef = 8472597B22AD3C7400BCBA42 /* NoteRecord.swift */; };
		84F8916D22290E8D00956265 /* AppDelegate.swift in Sources */ = {isa = PBXBuildFile; fileRef = 84F8916C22290E8D00956265 /* AppDelegate.swift */; };
		84F8917522290E8D00956265 /* Daily.xcdatamodeld in Sources */ = {isa = PBXBuildFile; fileRef = 84F8917322290E8D00956265 /* Daily.xcdatamodeld */; };
		84F8917722290E9000956265 /* Assets.xcassets in Resources */ = {isa = PBXBuildFile; fileRef = 84F8917622290E9000956265 /* Assets.xcassets */; };
		84F8917A22290E9000956265 /* LaunchScreen.storyboard in Resources */ = {isa = PBXBuildFile; fileRef = 84F8917822290E9000956265 /* LaunchScreen.storyboard */; };
		84F8918622297AE700956265 /* Date+Extension.swift in Sources */ = {isa = PBXBuildFile; fileRef = 84F8918522297AE700956265 /* Date+Extension.swift */; };
		84FF3F2A22FEC4C200CEF093 /* Theme.swift in Sources */ = {isa = PBXBuildFile; fileRef = 84FF3F2922FEC4C100CEF093 /* Theme.swift */; };
		911080CF267624C000BCE949 /* DayRate.swift in Sources */ = {isa = PBXBuildFile; fileRef = 911080CE267624C000BCE949 /* DayRate.swift */; };
		9120922E26889EFC00F966BE /* DayRateView.swift in Sources */ = {isa = PBXBuildFile; fileRef = 9120922D26889EFC00F966BE /* DayRateView.swift */; };
		912092312688ACC300F966BE /* DayRecordsAssembler.swift in Sources */ = {isa = PBXBuildFile; fileRef = 912092302688ACC300F966BE /* DayRecordsAssembler.swift */; };
		912092332688AD0300F966BE /* DayRecordsViewController.swift in Sources */ = {isa = PBXBuildFile; fileRef = 912092322688AD0300F966BE /* DayRecordsViewController.swift */; };
		912092352688AD6800F966BE /* DayRecordsPresenter.swift in Sources */ = {isa = PBXBuildFile; fileRef = 912092342688AD6800F966BE /* DayRecordsPresenter.swift */; };
		912092372688AFD900F966BE /* DayRecordsInputModel.swift in Sources */ = {isa = PBXBuildFile; fileRef = 912092362688AFD900F966BE /* DayRecordsInputModel.swift */; };
		912092392688B0A900F966BE /* DayRateInputModel.swift in Sources */ = {isa = PBXBuildFile; fileRef = 912092382688B0A900F966BE /* DayRateInputModel.swift */; };
		91419C5226B43ECB0031F519 /* ReusableTableViewCell.swift in Sources */ = {isa = PBXBuildFile; fileRef = 91419C5126B43ECB0031F519 /* ReusableTableViewCell.swift */; };
		91419C5526B43F920031F519 /* NoteRecordView.swift in Sources */ = {isa = PBXBuildFile; fileRef = 91419C5426B43F910031F519 /* NoteRecordView.swift */; };
		91419C5726B44E790031F519 /* MonthRecordsAssembler.swift in Sources */ = {isa = PBXBuildFile; fileRef = 91419C5626B44E790031F519 /* MonthRecordsAssembler.swift */; };
		91419C5926B44F0A0031F519 /* MonthRecordsInputModel.swift in Sources */ = {isa = PBXBuildFile; fileRef = 91419C5826B44F0A0031F519 /* MonthRecordsInputModel.swift */; };
		91419C5B26B44F290031F519 /* MonthRecordsViewController.swift in Sources */ = {isa = PBXBuildFile; fileRef = 91419C5A26B44F290031F519 /* MonthRecordsViewController.swift */; };
		91419C5D26B44F8C0031F519 /* MonthRecordsPresenter.swift in Sources */ = {isa = PBXBuildFile; fileRef = 91419C5C26B44F8C0031F519 /* MonthRecordsPresenter.swift */; };
		91419C5F26B591DD0031F519 /* DayTitleView.swift in Sources */ = {isa = PBXBuildFile; fileRef = 91419C5E26B591DD0031F519 /* DayTitleView.swift */; };
		91419C6126B595C50031F519 /* MonthRecordsDataSource.swift in Sources */ = {isa = PBXBuildFile; fileRef = 91419C6026B595C50031F519 /* MonthRecordsDataSource.swift */; };
		9157AB6F266A61AE003C4B66 /* CalendarViewController.swift in Sources */ = {isa = PBXBuildFile; fileRef = 9157AB6E266A61AE003C4B66 /* CalendarViewController.swift */; };
		9157AB7B266A6E6E003C4B66 /* Constrainable.swift in Sources */ = {isa = PBXBuildFile; fileRef = 9157AB7A266A6E6E003C4B66 /* Constrainable.swift */; };
		9157AB7D266A6F12003C4B66 /* UIView+Constrainable.swift in Sources */ = {isa = PBXBuildFile; fileRef = 9157AB7C266A6F12003C4B66 /* UIView+Constrainable.swift */; };
		9157AB7F266A6F87003C4B66 /* UILayoutGuide+Constrainable.swift in Sources */ = {isa = PBXBuildFile; fileRef = 9157AB7E266A6F87003C4B66 /* UILayoutGuide+Constrainable.swift */; };
		9157AB81266A6FBC003C4B66 /* Constrainable+Position.swift in Sources */ = {isa = PBXBuildFile; fileRef = 9157AB80266A6FBC003C4B66 /* Constrainable+Position.swift */; };
		9157AB83266A71CD003C4B66 /* NSLayoutConstraint+Setter.swift in Sources */ = {isa = PBXBuildFile; fileRef = 9157AB82266A71CD003C4B66 /* NSLayoutConstraint+Setter.swift */; };
		9157AB85266A728C003C4B66 /* Constrainable+Edge.swift in Sources */ = {isa = PBXBuildFile; fileRef = 9157AB84266A728C003C4B66 /* Constrainable+Edge.swift */; };
		9157AB87266A7554003C4B66 /* NSLayoutAnchor+Constraints.swift in Sources */ = {isa = PBXBuildFile; fileRef = 9157AB86266A7554003C4B66 /* NSLayoutAnchor+Constraints.swift */; };
		9157AB89266A7F44003C4B66 /* Constrainable+Size.swift in Sources */ = {isa = PBXBuildFile; fileRef = 9157AB88266A7F44003C4B66 /* Constrainable+Size.swift */; };
		9157AB8B266A8CC8003C4B66 /* CalendarView.swift in Sources */ = {isa = PBXBuildFile; fileRef = 9157AB8A266A8CC8003C4B66 /* CalendarView.swift */; };
		9157AB8D266A8CF0003C4B66 /* CalendarMonthView.swift in Sources */ = {isa = PBXBuildFile; fileRef = 9157AB8C266A8CF0003C4B66 /* CalendarMonthView.swift */; };
		9157AB8F266AA91C003C4B66 /* LabelStyle.swift in Sources */ = {isa = PBXBuildFile; fileRef = 9157AB8E266AA91C003C4B66 /* LabelStyle.swift */; };
		915D4E65277DB21E00D8F178 /* DayNoteRecordView.swift in Sources */ = {isa = PBXBuildFile; fileRef = 915D4E64277DB21E00D8F178 /* DayNoteRecordView.swift */; };
		915D4E67277DB59B00D8F178 /* DayActionsView.swift in Sources */ = {isa = PBXBuildFile; fileRef = 915D4E66277DB59B00D8F178 /* DayActionsView.swift */; };
		9166F4A1269A068400D66CEE /* UITableView+Extension.swift in Sources */ = {isa = PBXBuildFile; fileRef = 9166F4A0269A068400D66CEE /* UITableView+Extension.swift */; };
		9166F4A3269A086400D66CEE /* DayRecordsDataSource.swift in Sources */ = {isa = PBXBuildFile; fileRef = 9166F4A2269A086400D66CEE /* DayRecordsDataSource.swift */; };
		916C25E5267E15A4004A1CDF /* DayRateAssembler.swift in Sources */ = {isa = PBXBuildFile; fileRef = 916C25E4267E15A4004A1CDF /* DayRateAssembler.swift */; };
		916C25E7267E15E1004A1CDF /* DayRateViewController.swift in Sources */ = {isa = PBXBuildFile; fileRef = 916C25E6267E15E1004A1CDF /* DayRateViewController.swift */; };
		916C25E9267E163B004A1CDF /* DayRatePresenter.swift in Sources */ = {isa = PBXBuildFile; fileRef = 916C25E8267E163B004A1CDF /* DayRatePresenter.swift */; };
		916C25EB267E1CFC004A1CDF /* Transitionable.swift in Sources */ = {isa = PBXBuildFile; fileRef = 916C25EA267E1CFC004A1CDF /* Transitionable.swift */; };
		9182AAA52673EAB9006E68BE /* CalendarWeekdayViewCell.swift in Sources */ = {isa = PBXBuildFile; fileRef = 9182AAA42673EAB9006E68BE /* CalendarWeekdayViewCell.swift */; };
		9182AAA72673EBC4006E68BE /* ViewModelSettable.swift in Sources */ = {isa = PBXBuildFile; fileRef = 9182AAA62673EBC4006E68BE /* ViewModelSettable.swift */; };
		9182AAA92673EE22006E68BE /* CalendarDayViewCell.swift in Sources */ = {isa = PBXBuildFile; fileRef = 9182AAA82673EE22006E68BE /* CalendarDayViewCell.swift */; };
		9182AAAD2674AFCA006E68BE /* UICollectionView+Extension.swift in Sources */ = {isa = PBXBuildFile; fileRef = 9182AAAC2674AFCA006E68BE /* UICollectionView+Extension.swift */; };
		9182AAAF2674B960006E68BE /* CalendarPresenter.swift in Sources */ = {isa = PBXBuildFile; fileRef = 9182AAAE2674B960006E68BE /* CalendarPresenter.swift */; };
		9182AAB12674CC6A006E68BE /* CalendarAssembler.swift in Sources */ = {isa = PBXBuildFile; fileRef = 9182AAB02674CC6A006E68BE /* CalendarAssembler.swift */; };
		9182AAB32674CF05006E68BE /* CalendarFactory.swift in Sources */ = {isa = PBXBuildFile; fileRef = 9182AAB22674CF05006E68BE /* CalendarFactory.swift */; };
		9182AAB52674D1E5006E68BE /* String+Extension.swift in Sources */ = {isa = PBXBuildFile; fileRef = 9182AAB42674D1E5006E68BE /* String+Extension.swift */; };
		91B7730427D75DBF0065701C /* PrivacyPolicy.md in Resources */ = {isa = PBXBuildFile; fileRef = 91B7730327D75DBF0065701C /* PrivacyPolicy.md */; };
		91C4A94C269B5BA500F7B420 /* IconRender.swift in Sources */ = {isa = PBXBuildFile; fileRef = 91C4A94B269B5BA500F7B420 /* IconRender.swift */; };
		91F0A2002691998A00BD5E28 /* DayService.swift in Sources */ = {isa = PBXBuildFile; fileRef = 91F0A1FF2691998A00BD5E28 /* DayService.swift */; };
		91F0A2022691B91500BD5E28 /* DayNoteInputModel.swift in Sources */ = {isa = PBXBuildFile; fileRef = 91F0A2012691B91500BD5E28 /* DayNoteInputModel.swift */; };
		91F854002687719B0098EEE5 /* DayNoteAssembler.swift in Sources */ = {isa = PBXBuildFile; fileRef = 91F853FF2687719B0098EEE5 /* DayNoteAssembler.swift */; };
		91F85402268771E80098EEE5 /* DayNoteViewController.swift in Sources */ = {isa = PBXBuildFile; fileRef = 91F85401268771E80098EEE5 /* DayNoteViewController.swift */; };
		91F854042687724A0098EEE5 /* DayNotePresenter.swift in Sources */ = {isa = PBXBuildFile; fileRef = 91F854032687724A0098EEE5 /* DayNotePresenter.swift */; };
		C15815E52400437E0060B9FA /* DAOService.swift in Sources */ = {isa = PBXBuildFile; fileRef = C15815E42400437E0060B9FA /* DAOService.swift */; };
/* End PBXBuildFile section */

/* Begin PBXFileReference section */
		2D0CFA16239221FE00F8AFBB /* UIViewController+Transitionable.swift */ = {isa = PBXFileReference; lastKnownFileType = sourcecode.swift; path = "UIViewController+Transitionable.swift"; sourceTree = "<group>"; };
		84008BF7224A11B8000CB9A2 /* Day.swift */ = {isa = PBXFileReference; lastKnownFileType = sourcecode.swift; path = Day.swift; sourceTree = "<group>"; };
		8472597B22AD3C7400BCBA42 /* NoteRecord.swift */ = {isa = PBXFileReference; lastKnownFileType = sourcecode.swift; path = NoteRecord.swift; sourceTree = "<group>"; };
		84F8916922290E8D00956265 /* Daily.app */ = {isa = PBXFileReference; explicitFileType = wrapper.application; includeInIndex = 0; path = Daily.app; sourceTree = BUILT_PRODUCTS_DIR; };
		84F8916C22290E8D00956265 /* AppDelegate.swift */ = {isa = PBXFileReference; lastKnownFileType = sourcecode.swift; path = AppDelegate.swift; sourceTree = "<group>"; };
		84F8917422290E8D00956265 /* Daily.xcdatamodel */ = {isa = PBXFileReference; lastKnownFileType = wrapper.xcdatamodel; path = Daily.xcdatamodel; sourceTree = "<group>"; };
		84F8917622290E9000956265 /* Assets.xcassets */ = {isa = PBXFileReference; lastKnownFileType = folder.assetcatalog; path = Assets.xcassets; sourceTree = "<group>"; };
		84F8917B22290E9000956265 /* Info.plist */ = {isa = PBXFileReference; lastKnownFileType = text.plist.xml; path = Info.plist; sourceTree = "<group>"; };
		84F8918522297AE700956265 /* Date+Extension.swift */ = {isa = PBXFileReference; lastKnownFileType = sourcecode.swift; path = "Date+Extension.swift"; sourceTree = "<group>"; };
		84FF3F2922FEC4C100CEF093 /* Theme.swift */ = {isa = PBXFileReference; lastKnownFileType = sourcecode.swift; path = Theme.swift; sourceTree = "<group>"; };
		911080CE267624C000BCE949 /* DayRate.swift */ = {isa = PBXFileReference; lastKnownFileType = sourcecode.swift; path = DayRate.swift; sourceTree = "<group>"; };
		9120922C2688451C00F966BE /* Base */ = {isa = PBXFileReference; lastKnownFileType = file.storyboard; name = Base; path = Base.lproj/LaunchScreen.storyboard; sourceTree = "<group>"; };
		9120922D26889EFC00F966BE /* DayRateView.swift */ = {isa = PBXFileReference; lastKnownFileType = sourcecode.swift; path = DayRateView.swift; sourceTree = "<group>"; };
		912092302688ACC300F966BE /* DayRecordsAssembler.swift */ = {isa = PBXFileReference; lastKnownFileType = sourcecode.swift; path = DayRecordsAssembler.swift; sourceTree = "<group>"; };
		912092322688AD0300F966BE /* DayRecordsViewController.swift */ = {isa = PBXFileReference; lastKnownFileType = sourcecode.swift; path = DayRecordsViewController.swift; sourceTree = "<group>"; };
		912092342688AD6800F966BE /* DayRecordsPresenter.swift */ = {isa = PBXFileReference; lastKnownFileType = sourcecode.swift; path = DayRecordsPresenter.swift; sourceTree = "<group>"; };
		912092362688AFD900F966BE /* DayRecordsInputModel.swift */ = {isa = PBXFileReference; lastKnownFileType = sourcecode.swift; path = DayRecordsInputModel.swift; sourceTree = "<group>"; };
		912092382688B0A900F966BE /* DayRateInputModel.swift */ = {isa = PBXFileReference; lastKnownFileType = sourcecode.swift; path = DayRateInputModel.swift; sourceTree = "<group>"; };
		91419C5126B43ECB0031F519 /* ReusableTableViewCell.swift */ = {isa = PBXFileReference; lastKnownFileType = sourcecode.swift; path = ReusableTableViewCell.swift; sourceTree = "<group>"; };
		91419C5426B43F910031F519 /* NoteRecordView.swift */ = {isa = PBXFileReference; lastKnownFileType = sourcecode.swift; path = NoteRecordView.swift; sourceTree = "<group>"; };
		91419C5626B44E790031F519 /* MonthRecordsAssembler.swift */ = {isa = PBXFileReference; lastKnownFileType = sourcecode.swift; path = MonthRecordsAssembler.swift; sourceTree = "<group>"; };
		91419C5826B44F0A0031F519 /* MonthRecordsInputModel.swift */ = {isa = PBXFileReference; lastKnownFileType = sourcecode.swift; path = MonthRecordsInputModel.swift; sourceTree = "<group>"; };
		91419C5A26B44F290031F519 /* MonthRecordsViewController.swift */ = {isa = PBXFileReference; lastKnownFileType = sourcecode.swift; path = MonthRecordsViewController.swift; sourceTree = "<group>"; };
		91419C5C26B44F8C0031F519 /* MonthRecordsPresenter.swift */ = {isa = PBXFileReference; lastKnownFileType = sourcecode.swift; path = MonthRecordsPresenter.swift; sourceTree = "<group>"; };
		91419C5E26B591DD0031F519 /* DayTitleView.swift */ = {isa = PBXFileReference; lastKnownFileType = sourcecode.swift; path = DayTitleView.swift; sourceTree = "<group>"; };
		91419C6026B595C50031F519 /* MonthRecordsDataSource.swift */ = {isa = PBXFileReference; lastKnownFileType = sourcecode.swift; path = MonthRecordsDataSource.swift; sourceTree = "<group>"; };
		9157AB6E266A61AE003C4B66 /* CalendarViewController.swift */ = {isa = PBXFileReference; lastKnownFileType = sourcecode.swift; path = CalendarViewController.swift; sourceTree = "<group>"; };
		9157AB7A266A6E6E003C4B66 /* Constrainable.swift */ = {isa = PBXFileReference; lastKnownFileType = sourcecode.swift; path = Constrainable.swift; sourceTree = "<group>"; };
		9157AB7C266A6F12003C4B66 /* UIView+Constrainable.swift */ = {isa = PBXFileReference; lastKnownFileType = sourcecode.swift; path = "UIView+Constrainable.swift"; sourceTree = "<group>"; };
		9157AB7E266A6F87003C4B66 /* UILayoutGuide+Constrainable.swift */ = {isa = PBXFileReference; lastKnownFileType = sourcecode.swift; path = "UILayoutGuide+Constrainable.swift"; sourceTree = "<group>"; };
		9157AB80266A6FBC003C4B66 /* Constrainable+Position.swift */ = {isa = PBXFileReference; lastKnownFileType = sourcecode.swift; path = "Constrainable+Position.swift"; sourceTree = "<group>"; };
		9157AB82266A71CD003C4B66 /* NSLayoutConstraint+Setter.swift */ = {isa = PBXFileReference; lastKnownFileType = sourcecode.swift; path = "NSLayoutConstraint+Setter.swift"; sourceTree = "<group>"; };
		9157AB84266A728C003C4B66 /* Constrainable+Edge.swift */ = {isa = PBXFileReference; lastKnownFileType = sourcecode.swift; path = "Constrainable+Edge.swift"; sourceTree = "<group>"; };
		9157AB86266A7554003C4B66 /* NSLayoutAnchor+Constraints.swift */ = {isa = PBXFileReference; lastKnownFileType = sourcecode.swift; path = "NSLayoutAnchor+Constraints.swift"; sourceTree = "<group>"; };
		9157AB88266A7F44003C4B66 /* Constrainable+Size.swift */ = {isa = PBXFileReference; lastKnownFileType = sourcecode.swift; path = "Constrainable+Size.swift"; sourceTree = "<group>"; };
		9157AB8A266A8CC8003C4B66 /* CalendarView.swift */ = {isa = PBXFileReference; lastKnownFileType = sourcecode.swift; path = CalendarView.swift; sourceTree = "<group>"; };
		9157AB8C266A8CF0003C4B66 /* CalendarMonthView.swift */ = {isa = PBXFileReference; lastKnownFileType = sourcecode.swift; path = CalendarMonthView.swift; sourceTree = "<group>"; };
		9157AB8E266AA91C003C4B66 /* LabelStyle.swift */ = {isa = PBXFileReference; lastKnownFileType = sourcecode.swift; path = LabelStyle.swift; sourceTree = "<group>"; };
		915D4E64277DB21E00D8F178 /* DayNoteRecordView.swift */ = {isa = PBXFileReference; lastKnownFileType = sourcecode.swift; path = DayNoteRecordView.swift; sourceTree = "<group>"; };
		915D4E66277DB59B00D8F178 /* DayActionsView.swift */ = {isa = PBXFileReference; lastKnownFileType = sourcecode.swift; path = DayActionsView.swift; sourceTree = "<group>"; };
		9166F4A0269A068400D66CEE /* UITableView+Extension.swift */ = {isa = PBXFileReference; lastKnownFileType = sourcecode.swift; path = "UITableView+Extension.swift"; sourceTree = "<group>"; };
		9166F4A2269A086400D66CEE /* DayRecordsDataSource.swift */ = {isa = PBXFileReference; lastKnownFileType = sourcecode.swift; path = DayRecordsDataSource.swift; sourceTree = "<group>"; };
		916C25E4267E15A4004A1CDF /* DayRateAssembler.swift */ = {isa = PBXFileReference; lastKnownFileType = sourcecode.swift; path = DayRateAssembler.swift; sourceTree = "<group>"; };
		916C25E6267E15E1004A1CDF /* DayRateViewController.swift */ = {isa = PBXFileReference; lastKnownFileType = sourcecode.swift; path = DayRateViewController.swift; sourceTree = "<group>"; };
		916C25E8267E163B004A1CDF /* DayRatePresenter.swift */ = {isa = PBXFileReference; lastKnownFileType = sourcecode.swift; path = DayRatePresenter.swift; sourceTree = "<group>"; };
		916C25EA267E1CFC004A1CDF /* Transitionable.swift */ = {isa = PBXFileReference; lastKnownFileType = sourcecode.swift; path = Transitionable.swift; sourceTree = "<group>"; };
		9182AAA42673EAB9006E68BE /* CalendarWeekdayViewCell.swift */ = {isa = PBXFileReference; lastKnownFileType = sourcecode.swift; path = CalendarWeekdayViewCell.swift; sourceTree = "<group>"; };
		9182AAA62673EBC4006E68BE /* ViewModelSettable.swift */ = {isa = PBXFileReference; lastKnownFileType = sourcecode.swift; path = ViewModelSettable.swift; sourceTree = "<group>"; };
		9182AAA82673EE22006E68BE /* CalendarDayViewCell.swift */ = {isa = PBXFileReference; lastKnownFileType = sourcecode.swift; path = CalendarDayViewCell.swift; sourceTree = "<group>"; };
		9182AAAC2674AFCA006E68BE /* UICollectionView+Extension.swift */ = {isa = PBXFileReference; lastKnownFileType = sourcecode.swift; path = "UICollectionView+Extension.swift"; sourceTree = "<group>"; };
		9182AAAE2674B960006E68BE /* CalendarPresenter.swift */ = {isa = PBXFileReference; lastKnownFileType = sourcecode.swift; path = CalendarPresenter.swift; sourceTree = "<group>"; };
		9182AAB02674CC6A006E68BE /* CalendarAssembler.swift */ = {isa = PBXFileReference; lastKnownFileType = sourcecode.swift; path = CalendarAssembler.swift; sourceTree = "<group>"; };
		9182AAB22674CF05006E68BE /* CalendarFactory.swift */ = {isa = PBXFileReference; lastKnownFileType = sourcecode.swift; path = CalendarFactory.swift; sourceTree = "<group>"; };
		9182AAB42674D1E5006E68BE /* String+Extension.swift */ = {isa = PBXFileReference; lastKnownFileType = sourcecode.swift; path = "String+Extension.swift"; sourceTree = "<group>"; };
		91B7730327D75DBF0065701C /* PrivacyPolicy.md */ = {isa = PBXFileReference; lastKnownFileType = net.daringfireball.markdown; path = PrivacyPolicy.md; sourceTree = "<group>"; };
		91C4A94B269B5BA500F7B420 /* IconRender.swift */ = {isa = PBXFileReference; lastKnownFileType = sourcecode.swift; path = IconRender.swift; sourceTree = "<group>"; };
		91F0A1FF2691998A00BD5E28 /* DayService.swift */ = {isa = PBXFileReference; lastKnownFileType = sourcecode.swift; path = DayService.swift; sourceTree = "<group>"; };
		91F0A2012691B91500BD5E28 /* DayNoteInputModel.swift */ = {isa = PBXFileReference; lastKnownFileType = sourcecode.swift; path = DayNoteInputModel.swift; sourceTree = "<group>"; };
		91F853FF2687719B0098EEE5 /* DayNoteAssembler.swift */ = {isa = PBXFileReference; lastKnownFileType = sourcecode.swift; path = DayNoteAssembler.swift; sourceTree = "<group>"; };
		91F85401268771E80098EEE5 /* DayNoteViewController.swift */ = {isa = PBXFileReference; lastKnownFileType = sourcecode.swift; path = DayNoteViewController.swift; sourceTree = "<group>"; };
		91F854032687724A0098EEE5 /* DayNotePresenter.swift */ = {isa = PBXFileReference; lastKnownFileType = sourcecode.swift; path = DayNotePresenter.swift; sourceTree = "<group>"; };
		C15815E42400437E0060B9FA /* DAOService.swift */ = {isa = PBXFileReference; lastKnownFileType = sourcecode.swift; path = DAOService.swift; sourceTree = "<group>"; };
/* End PBXFileReference section */

/* Begin PBXFrameworksBuildPhase section */
		84F8916622290E8D00956265 /* Frameworks */ = {
			isa = PBXFrameworksBuildPhase;
			buildActionMask = 2147483647;
			files = (
			);
			runOnlyForDeploymentPostprocessing = 0;
		};
/* End PBXFrameworksBuildPhase section */

/* Begin PBXGroup section */
		2D8770A423B79E5100A38D9F /* Other */ = {
			isa = PBXGroup;
			children = (
				9157AB8E266AA91C003C4B66 /* LabelStyle.swift */,
				84FF3F2922FEC4C100CEF093 /* Theme.swift */,
			);
			path = Other;
			sourceTree = "<group>";
		};
		2DD0AFC6239172E4009BED48 /* UI */ = {
			isa = PBXGroup;
			children = (
				91419C5326B43F6C0031F519 /* Views */,
				916C25EC267E2102004A1CDF /* Components */,
				2D8770A423B79E5100A38D9F /* Other */,
			);
			path = UI;
			sourceTree = "<group>";
		};
		84D6840F222D6AD5003F08F9 /* Extensions */ = {
			isa = PBXGroup;
			children = (
				84F8918522297AE700956265 /* Date+Extension.swift */,
				9182AAAC2674AFCA006E68BE /* UICollectionView+Extension.swift */,
				9166F4A0269A068400D66CEE /* UITableView+Extension.swift */,
				9182AAB42674D1E5006E68BE /* String+Extension.swift */,
			);
			path = Extensions;
			sourceTree = "<group>";
		};
		84F796A12233A58E00596CD5 /* Models */ = {
			isa = PBXGroup;
			children = (
				84008BF7224A11B8000CB9A2 /* Day.swift */,
				8472597B22AD3C7400BCBA42 /* NoteRecord.swift */,
				911080CE267624C000BCE949 /* DayRate.swift */,
			);
			path = Models;
			sourceTree = "<group>";
		};
		84F8916022290E8D00956265 = {
			isa = PBXGroup;
			children = (
				84F8916B22290E8D00956265 /* Daily */,
				84F8916A22290E8D00956265 /* Products */,
			);
			sourceTree = "<group>";
		};
		84F8916A22290E8D00956265 /* Products */ = {
			isa = PBXGroup;
			children = (
				84F8916922290E8D00956265 /* Daily.app */,
			);
			name = Products;
			sourceTree = "<group>";
		};
		84F8916B22290E8D00956265 /* Daily */ = {
			isa = PBXGroup;
			children = (
				9157AB6B266A6164003C4B66 /* Modules */,
				84F796A12233A58E00596CD5 /* Models */,
				84D6840F222D6AD5003F08F9 /* Extensions */,
				C15815E32400435D0060B9FA /* Services */,
				2DD0AFC6239172E4009BED48 /* UI */,
				C1DCAE2424658DF0006A751B /* Utilities */,
				84F8918122294A2F00956265 /* SupportFiles */,
			);
			path = Daily;
			sourceTree = "<group>";
		};
		84F8918122294A2F00956265 /* SupportFiles */ = {
			isa = PBXGroup;
			children = (
				84F8917322290E8D00956265 /* Daily.xcdatamodeld */,
				84F8917B22290E9000956265 /* Info.plist */,
				84F8916C22290E8D00956265 /* AppDelegate.swift */,
				84F8917822290E9000956265 /* LaunchScreen.storyboard */,
				84F8917622290E9000956265 /* Assets.xcassets */,
				91C4A94B269B5BA500F7B420 /* IconRender.swift */,
				91B7730327D75DBF0065701C /* PrivacyPolicy.md */,
			);
			path = SupportFiles;
			sourceTree = "<group>";
		};
		9120922F2688AC7700F966BE /* DayRecords */ = {
			isa = PBXGroup;
			children = (
				912092302688ACC300F966BE /* DayRecordsAssembler.swift */,
				912092322688AD0300F966BE /* DayRecordsViewController.swift */,
				912092342688AD6800F966BE /* DayRecordsPresenter.swift */,
				912092362688AFD900F966BE /* DayRecordsInputModel.swift */,
				9166F4A2269A086400D66CEE /* DayRecordsDataSource.swift */,
			);
			path = DayRecords;
			sourceTree = "<group>";
		};
		91419C5026B43B3E0031F519 /* MonthRecords */ = {
			isa = PBXGroup;
			children = (
				91419C5626B44E790031F519 /* MonthRecordsAssembler.swift */,
				91419C5A26B44F290031F519 /* MonthRecordsViewController.swift */,
				91419C5826B44F0A0031F519 /* MonthRecordsInputModel.swift */,
				91419C5C26B44F8C0031F519 /* MonthRecordsPresenter.swift */,
				91419C6026B595C50031F519 /* MonthRecordsDataSource.swift */,
			);
			path = MonthRecords;
			sourceTree = "<group>";
		};
		91419C5326B43F6C0031F519 /* Views */ = {
			isa = PBXGroup;
			children = (
				91419C5426B43F910031F519 /* NoteRecordView.swift */,
				91419C5E26B591DD0031F519 /* DayTitleView.swift */,
				915D4E64277DB21E00D8F178 /* DayNoteRecordView.swift */,
				915D4E66277DB59B00D8F178 /* DayActionsView.swift */,
			);
			path = Views;
			sourceTree = "<group>";
		};
		9157AB6B266A6164003C4B66 /* Modules */ = {
			isa = PBXGroup;
			children = (
				91419C5026B43B3E0031F519 /* MonthRecords */,
				9120922F2688AC7700F966BE /* DayRecords */,
				91F853FE268771590098EEE5 /* DayNote */,
				916C25E3267E158D004A1CDF /* DayRate */,
				9157AB6C266A6173003C4B66 /* Calendar */,
			);
			path = Modules;
			sourceTree = "<group>";
		};
		9157AB6C266A6173003C4B66 /* Calendar */ = {
			isa = PBXGroup;
			children = (
				9182AAA32673EA91006E68BE /* Views */,
				9157AB6E266A61AE003C4B66 /* CalendarViewController.swift */,
				9182AAAE2674B960006E68BE /* CalendarPresenter.swift */,
				9182AAB02674CC6A006E68BE /* CalendarAssembler.swift */,
				9182AAB22674CF05006E68BE /* CalendarFactory.swift */,
			);
			path = Calendar;
			sourceTree = "<group>";
		};
		9157AB79266A6DCA003C4B66 /* Constraints */ = {
			isa = PBXGroup;
			children = (
				9157AB7A266A6E6E003C4B66 /* Constrainable.swift */,
				9157AB84266A728C003C4B66 /* Constrainable+Edge.swift */,
				9157AB80266A6FBC003C4B66 /* Constrainable+Position.swift */,
				9157AB88266A7F44003C4B66 /* Constrainable+Size.swift */,
				9157AB7C266A6F12003C4B66 /* UIView+Constrainable.swift */,
				9157AB7E266A6F87003C4B66 /* UILayoutGuide+Constrainable.swift */,
				9157AB82266A71CD003C4B66 /* NSLayoutConstraint+Setter.swift */,
				9157AB86266A7554003C4B66 /* NSLayoutAnchor+Constraints.swift */,
			);
			path = Constraints;
			sourceTree = "<group>";
		};
		916C25E3267E158D004A1CDF /* DayRate */ = {
			isa = PBXGroup;
			children = (
				912092382688B0A900F966BE /* DayRateInputModel.swift */,
				916C25E4267E15A4004A1CDF /* DayRateAssembler.swift */,
				916C25E6267E15E1004A1CDF /* DayRateViewController.swift */,
				916C25E8267E163B004A1CDF /* DayRatePresenter.swift */,
				9120922D26889EFC00F966BE /* DayRateView.swift */,
			);
			path = DayRate;
			sourceTree = "<group>";
		};
		916C25EC267E2102004A1CDF /* Components */ = {
			isa = PBXGroup;
			children = (
				91419C5126B43ECB0031F519 /* ReusableTableViewCell.swift */,
			);
			path = Components;
			sourceTree = "<group>";
		};
		9182AAA32673EA91006E68BE /* Views */ = {
			isa = PBXGroup;
			children = (
				9157AB8A266A8CC8003C4B66 /* CalendarView.swift */,
				9157AB8C266A8CF0003C4B66 /* CalendarMonthView.swift */,
				9182AAA42673EAB9006E68BE /* CalendarWeekdayViewCell.swift */,
				9182AAA82673EE22006E68BE /* CalendarDayViewCell.swift */,
			);
			path = Views;
			sourceTree = "<group>";
		};
		91F853FE268771590098EEE5 /* DayNote */ = {
			isa = PBXGroup;
			children = (
				91F853FF2687719B0098EEE5 /* DayNoteAssembler.swift */,
				91F85401268771E80098EEE5 /* DayNoteViewController.swift */,
				91F854032687724A0098EEE5 /* DayNotePresenter.swift */,
				91F0A2012691B91500BD5E28 /* DayNoteInputModel.swift */,
			);
			path = DayNote;
			sourceTree = "<group>";
		};
		C15815E32400435D0060B9FA /* Services */ = {
			isa = PBXGroup;
			children = (
				C15815E42400437E0060B9FA /* DAOService.swift */,
				91F0A1FF2691998A00BD5E28 /* DayService.swift */,
			);
			path = Services;
			sourceTree = "<group>";
		};
		C1DCAE2424658DF0006A751B /* Utilities */ = {
			isa = PBXGroup;
			children = (
				916C25EA267E1CFC004A1CDF /* Transitionable.swift */,
				9182AAA62673EBC4006E68BE /* ViewModelSettable.swift */,
				2D0CFA16239221FE00F8AFBB /* UIViewController+Transitionable.swift */,
				9157AB79266A6DCA003C4B66 /* Constraints */,
			);
			path = Utilities;
			sourceTree = "<group>";
		};
/* End PBXGroup section */

/* Begin PBXNativeTarget section */
		84F8916822290E8D00956265 /* Daily */ = {
			isa = PBXNativeTarget;
			buildConfigurationList = 84F8917E22290E9000956265 /* Build configuration list for PBXNativeTarget "Daily" */;
			buildPhases = (
				84F8916522290E8D00956265 /* Sources */,
				84F8916622290E8D00956265 /* Frameworks */,
				84F8916722290E8D00956265 /* Resources */,
			);
			buildRules = (
			);
			dependencies = (
			);
			name = Daily;
			productName = Daily;
			productReference = 84F8916922290E8D00956265 /* Daily.app */;
			productType = "com.apple.product-type.application";
		};
/* End PBXNativeTarget section */

/* Begin PBXProject section */
		84F8916122290E8D00956265 /* Project object */ = {
			isa = PBXProject;
			attributes = {
				LastSwiftUpdateCheck = 1010;
				LastUpgradeCheck = 1250;
				ORGANIZATIONNAME = buldog.team;
				TargetAttributes = {
					84F8916822290E8D00956265 = {
						CreatedOnToolsVersion = 10.1;
						LastSwiftMigration = 1020;
					};
				};
			};
			buildConfigurationList = 84F8916422290E8D00956265 /* Build configuration list for PBXProject "Daily" */;
			compatibilityVersion = "Xcode 9.3";
			developmentRegion = en;
			hasScannedForEncodings = 0;
			knownRegions = (
				en,
				Base,
			);
			mainGroup = 84F8916022290E8D00956265;
			productRefGroup = 84F8916A22290E8D00956265 /* Products */;
			projectDirPath = "";
			projectRoot = "";
			targets = (
				84F8916822290E8D00956265 /* Daily */,
			);
		};
/* End PBXProject section */

/* Begin PBXResourcesBuildPhase section */
		84F8916722290E8D00956265 /* Resources */ = {
			isa = PBXResourcesBuildPhase;
			buildActionMask = 2147483647;
			files = (
				84F8917A22290E9000956265 /* LaunchScreen.storyboard in Resources */,
				84F8917722290E9000956265 /* Assets.xcassets in Resources */,
				91B7730427D75DBF0065701C /* PrivacyPolicy.md in Resources */,
			);
			runOnlyForDeploymentPostprocessing = 0;
		};
/* End PBXResourcesBuildPhase section */

/* Begin PBXSourcesBuildPhase section */
		84F8916522290E8D00956265 /* Sources */ = {
			isa = PBXSourcesBuildPhase;
			buildActionMask = 2147483647;
			files = (
				9157AB8B266A8CC8003C4B66 /* CalendarView.swift in Sources */,
				9182AAB12674CC6A006E68BE /* CalendarAssembler.swift in Sources */,
				9120922E26889EFC00F966BE /* DayRateView.swift in Sources */,
				9182AAB52674D1E5006E68BE /* String+Extension.swift in Sources */,
				9182AAA52673EAB9006E68BE /* CalendarWeekdayViewCell.swift in Sources */,
				916C25E9267E163B004A1CDF /* DayRatePresenter.swift in Sources */,
				9157AB6F266A61AE003C4B66 /* CalendarViewController.swift in Sources */,
				84F8918622297AE700956265 /* Date+Extension.swift in Sources */,
				91F854002687719B0098EEE5 /* DayNoteAssembler.swift in Sources */,
				91C4A94C269B5BA500F7B420 /* IconRender.swift in Sources */,
				84008BFB224A11B8000CB9A2 /* Day.swift in Sources */,
				9157AB7D266A6F12003C4B66 /* UIView+Constrainable.swift in Sources */,
				91F85402268771E80098EEE5 /* DayNoteViewController.swift in Sources */,
				9157AB7B266A6E6E003C4B66 /* Constrainable.swift in Sources */,
				9157AB8F266AA91C003C4B66 /* LabelStyle.swift in Sources */,
				9182AAA72673EBC4006E68BE /* ViewModelSettable.swift in Sources */,
				91419C5926B44F0A0031F519 /* MonthRecordsInputModel.swift in Sources */,
				9166F4A1269A068400D66CEE /* UITableView+Extension.swift in Sources */,
				911080CF267624C000BCE949 /* DayRate.swift in Sources */,
				9157AB81266A6FBC003C4B66 /* Constrainable+Position.swift in Sources */,
				9157AB89266A7F44003C4B66 /* Constrainable+Size.swift in Sources */,
				9157AB85266A728C003C4B66 /* Constrainable+Edge.swift in Sources */,
				91419C5D26B44F8C0031F519 /* MonthRecordsPresenter.swift in Sources */,
				912092332688AD0300F966BE /* DayRecordsViewController.swift in Sources */,
				9157AB83266A71CD003C4B66 /* NSLayoutConstraint+Setter.swift in Sources */,
				916C25E5267E15A4004A1CDF /* DayRateAssembler.swift in Sources */,
				2D0CFA17239221FE00F8AFBB /* UIViewController+Transitionable.swift in Sources */,
				9182AAB32674CF05006E68BE /* CalendarFactory.swift in Sources */,
				91419C5B26B44F290031F519 /* MonthRecordsViewController.swift in Sources */,
				912092312688ACC300F966BE /* DayRecordsAssembler.swift in Sources */,
				915D4E65277DB21E00D8F178 /* DayNoteRecordView.swift in Sources */,
				91F854042687724A0098EEE5 /* DayNotePresenter.swift in Sources */,
				9182AAAF2674B960006E68BE /* CalendarPresenter.swift in Sources */,
				84F8917522290E8D00956265 /* Daily.xcdatamodeld in Sources */,
				8472597C22AD3C7400BCBA42 /* NoteRecord.swift in Sources */,
				91419C6126B595C50031F519 /* MonthRecordsDataSource.swift in Sources */,
				9182AAAD2674AFCA006E68BE /* UICollectionView+Extension.swift in Sources */,
				9166F4A3269A086400D66CEE /* DayRecordsDataSource.swift in Sources */,
				9157AB87266A7554003C4B66 /* NSLayoutAnchor+Constraints.swift in Sources */,
				91419C5726B44E790031F519 /* MonthRecordsAssembler.swift in Sources */,
				912092392688B0A900F966BE /* DayRateInputModel.swift in Sources */,
				912092352688AD6800F966BE /* DayRecordsPresenter.swift in Sources */,
				91419C5526B43F920031F519 /* NoteRecordView.swift in Sources */,
				91419C5F26B591DD0031F519 /* DayTitleView.swift in Sources */,
				916C25E7267E15E1004A1CDF /* DayRateViewController.swift in Sources */,
				912092372688AFD900F966BE /* DayRecordsInputModel.swift in Sources */,
				91F0A2002691998A00BD5E28 /* DayService.swift in Sources */,
				9182AAA92673EE22006E68BE /* CalendarDayViewCell.swift in Sources */,
				916C25EB267E1CFC004A1CDF /* Transitionable.swift in Sources */,
				91F0A2022691B91500BD5E28 /* DayNoteInputModel.swift in Sources */,
				84FF3F2A22FEC4C200CEF093 /* Theme.swift in Sources */,
				9157AB8D266A8CF0003C4B66 /* CalendarMonthView.swift in Sources */,
				915D4E67277DB59B00D8F178 /* DayActionsView.swift in Sources */,
				84F8916D22290E8D00956265 /* AppDelegate.swift in Sources */,
				9157AB7F266A6F87003C4B66 /* UILayoutGuide+Constrainable.swift in Sources */,
				91419C5226B43ECB0031F519 /* ReusableTableViewCell.swift in Sources */,
				C15815E52400437E0060B9FA /* DAOService.swift in Sources */,
			);
			runOnlyForDeploymentPostprocessing = 0;
		};
/* End PBXSourcesBuildPhase section */

/* Begin PBXVariantGroup section */
		84F8917822290E9000956265 /* LaunchScreen.storyboard */ = {
			isa = PBXVariantGroup;
			children = (
				9120922C2688451C00F966BE /* Base */,
			);
			name = LaunchScreen.storyboard;
			sourceTree = "<group>";
		};
/* End PBXVariantGroup section */

/* Begin XCBuildConfiguration section */
		84F8917C22290E9000956265 /* Debug */ = {
			isa = XCBuildConfiguration;
			buildSettings = {
				ALWAYS_SEARCH_USER_PATHS = NO;
				CLANG_ANALYZER_LOCALIZABILITY_NONLOCALIZED = YES;
				CLANG_ANALYZER_NONNULL = YES;
				CLANG_ANALYZER_NUMBER_OBJECT_CONVERSION = YES_AGGRESSIVE;
				CLANG_CXX_LANGUAGE_STANDARD = "gnu++14";
				CLANG_CXX_LIBRARY = "libc++";
				CLANG_ENABLE_MODULES = YES;
				CLANG_ENABLE_OBJC_ARC = YES;
				CLANG_ENABLE_OBJC_WEAK = YES;
				CLANG_WARN_BLOCK_CAPTURE_AUTORELEASING = YES;
				CLANG_WARN_BOOL_CONVERSION = YES;
				CLANG_WARN_COMMA = YES;
				CLANG_WARN_CONSTANT_CONVERSION = YES;
				CLANG_WARN_DEPRECATED_OBJC_IMPLEMENTATIONS = YES;
				CLANG_WARN_DIRECT_OBJC_ISA_USAGE = YES_ERROR;
				CLANG_WARN_DOCUMENTATION_COMMENTS = YES;
				CLANG_WARN_EMPTY_BODY = YES;
				CLANG_WARN_ENUM_CONVERSION = YES;
				CLANG_WARN_INFINITE_RECURSION = YES;
				CLANG_WARN_INT_CONVERSION = YES;
				CLANG_WARN_NON_LITERAL_NULL_CONVERSION = YES;
				CLANG_WARN_OBJC_IMPLICIT_RETAIN_SELF = YES;
				CLANG_WARN_OBJC_LITERAL_CONVERSION = YES;
				CLANG_WARN_OBJC_ROOT_CLASS = YES_ERROR;
				CLANG_WARN_QUOTED_INCLUDE_IN_FRAMEWORK_HEADER = YES;
				CLANG_WARN_RANGE_LOOP_ANALYSIS = YES;
				CLANG_WARN_STRICT_PROTOTYPES = YES;
				CLANG_WARN_SUSPICIOUS_MOVE = YES;
				CLANG_WARN_UNGUARDED_AVAILABILITY = YES_AGGRESSIVE;
				CLANG_WARN_UNREACHABLE_CODE = YES;
				CLANG_WARN__DUPLICATE_METHOD_MATCH = YES;
				CODE_SIGN_IDENTITY = "iPhone Developer";
				COPY_PHASE_STRIP = NO;
				DEBUG_INFORMATION_FORMAT = dwarf;
				ENABLE_STRICT_OBJC_MSGSEND = YES;
				ENABLE_TESTABILITY = YES;
				GCC_C_LANGUAGE_STANDARD = gnu11;
				GCC_DYNAMIC_NO_PIC = NO;
				GCC_NO_COMMON_BLOCKS = YES;
				GCC_OPTIMIZATION_LEVEL = 0;
				GCC_PREPROCESSOR_DEFINITIONS = (
					"DEBUG=1",
					"$(inherited)",
				);
				GCC_WARN_64_TO_32_BIT_CONVERSION = YES;
				GCC_WARN_ABOUT_RETURN_TYPE = YES_ERROR;
				GCC_WARN_UNDECLARED_SELECTOR = YES;
				GCC_WARN_UNINITIALIZED_AUTOS = YES_AGGRESSIVE;
				GCC_WARN_UNUSED_FUNCTION = YES;
				GCC_WARN_UNUSED_VARIABLE = YES;
				IPHONEOS_DEPLOYMENT_TARGET = 13.0;
				MTL_ENABLE_DEBUG_INFO = INCLUDE_SOURCE;
				MTL_FAST_MATH = YES;
				ONLY_ACTIVE_ARCH = YES;
				SDKROOT = iphoneos;
				SWIFT_ACTIVE_COMPILATION_CONDITIONS = DEBUG;
				SWIFT_OPTIMIZATION_LEVEL = "-Onone";
			};
			name = Debug;
		};
		84F8917D22290E9000956265 /* Release */ = {
			isa = XCBuildConfiguration;
			buildSettings = {
				ALWAYS_SEARCH_USER_PATHS = NO;
				CLANG_ANALYZER_LOCALIZABILITY_NONLOCALIZED = YES;
				CLANG_ANALYZER_NONNULL = YES;
				CLANG_ANALYZER_NUMBER_OBJECT_CONVERSION = YES_AGGRESSIVE;
				CLANG_CXX_LANGUAGE_STANDARD = "gnu++14";
				CLANG_CXX_LIBRARY = "libc++";
				CLANG_ENABLE_MODULES = YES;
				CLANG_ENABLE_OBJC_ARC = YES;
				CLANG_ENABLE_OBJC_WEAK = YES;
				CLANG_WARN_BLOCK_CAPTURE_AUTORELEASING = YES;
				CLANG_WARN_BOOL_CONVERSION = YES;
				CLANG_WARN_COMMA = YES;
				CLANG_WARN_CONSTANT_CONVERSION = YES;
				CLANG_WARN_DEPRECATED_OBJC_IMPLEMENTATIONS = YES;
				CLANG_WARN_DIRECT_OBJC_ISA_USAGE = YES_ERROR;
				CLANG_WARN_DOCUMENTATION_COMMENTS = YES;
				CLANG_WARN_EMPTY_BODY = YES;
				CLANG_WARN_ENUM_CONVERSION = YES;
				CLANG_WARN_INFINITE_RECURSION = YES;
				CLANG_WARN_INT_CONVERSION = YES;
				CLANG_WARN_NON_LITERAL_NULL_CONVERSION = YES;
				CLANG_WARN_OBJC_IMPLICIT_RETAIN_SELF = YES;
				CLANG_WARN_OBJC_LITERAL_CONVERSION = YES;
				CLANG_WARN_OBJC_ROOT_CLASS = YES_ERROR;
				CLANG_WARN_QUOTED_INCLUDE_IN_FRAMEWORK_HEADER = YES;
				CLANG_WARN_RANGE_LOOP_ANALYSIS = YES;
				CLANG_WARN_STRICT_PROTOTYPES = YES;
				CLANG_WARN_SUSPICIOUS_MOVE = YES;
				CLANG_WARN_UNGUARDED_AVAILABILITY = YES_AGGRESSIVE;
				CLANG_WARN_UNREACHABLE_CODE = YES;
				CLANG_WARN__DUPLICATE_METHOD_MATCH = YES;
				CODE_SIGN_IDENTITY = "iPhone Developer";
				COPY_PHASE_STRIP = NO;
				DEBUG_INFORMATION_FORMAT = "dwarf-with-dsym";
				ENABLE_NS_ASSERTIONS = NO;
				ENABLE_STRICT_OBJC_MSGSEND = YES;
				GCC_C_LANGUAGE_STANDARD = gnu11;
				GCC_NO_COMMON_BLOCKS = YES;
				GCC_WARN_64_TO_32_BIT_CONVERSION = YES;
				GCC_WARN_ABOUT_RETURN_TYPE = YES_ERROR;
				GCC_WARN_UNDECLARED_SELECTOR = YES;
				GCC_WARN_UNINITIALIZED_AUTOS = YES_AGGRESSIVE;
				GCC_WARN_UNUSED_FUNCTION = YES;
				GCC_WARN_UNUSED_VARIABLE = YES;
				IPHONEOS_DEPLOYMENT_TARGET = 13.0;
				MTL_ENABLE_DEBUG_INFO = NO;
				MTL_FAST_MATH = YES;
				SDKROOT = iphoneos;
				SWIFT_COMPILATION_MODE = wholemodule;
				SWIFT_OPTIMIZATION_LEVEL = "-O";
				VALIDATE_PRODUCT = YES;
			};
			name = Release;
		};
		84F8917F22290E9000956265 /* Debug */ = {
			isa = XCBuildConfiguration;
			buildSettings = {
				ASSETCATALOG_COMPILER_APPICON_NAME = AppIcon;
				CODE_SIGN_IDENTITY = "Apple Development";
				CODE_SIGN_STYLE = Automatic;
				DEVELOPMENT_TEAM = 3F9XHJ5DR4;
				INFOPLIST_FILE = Daily/SupportFiles/Info.plist;
				IPHONEOS_DEPLOYMENT_TARGET = 14.1;
				LD_RUNPATH_SEARCH_PATHS = (
					"$(inherited)",
					"@executable_path/Frameworks",
				);
				PRODUCT_BUNDLE_IDENTIFIER = nikiforov.daily;
				PRODUCT_NAME = "$(TARGET_NAME)";
				PROVISIONING_PROFILE_SPECIFIER = "";
				SWIFT_VERSION = 5.0;
				TARGETED_DEVICE_FAMILY = 1;
			};
			name = Debug;
		};
		84F8918022290E9000956265 /* Release */ = {
			isa = XCBuildConfiguration;
			buildSettings = {
				ASSETCATALOG_COMPILER_APPICON_NAME = AppIcon;
				CODE_SIGN_IDENTITY = "Apple Development";
				CODE_SIGN_STYLE = Automatic;
				DEVELOPMENT_TEAM = 3F9XHJ5DR4;
				INFOPLIST_FILE = Daily/SupportFiles/Info.plist;
				IPHONEOS_DEPLOYMENT_TARGET = 14.1;
				LD_RUNPATH_SEARCH_PATHS = (
					"$(inherited)",
					"@executable_path/Frameworks",
				);
				PRODUCT_BUNDLE_IDENTIFIER = nikiforov.daily;
				PRODUCT_NAME = "$(TARGET_NAME)";
				PROVISIONING_PROFILE_SPECIFIER = "";
				SWIFT_VERSION = 5.0;
				TARGETED_DEVICE_FAMILY = 1;
			};
			name = Release;
		};
/* End XCBuildConfiguration section */

/* Begin XCConfigurationList section */
		84F8916422290E8D00956265 /* Build configuration list for PBXProject "Daily" */ = {
			isa = XCConfigurationList;
			buildConfigurations = (
				84F8917C22290E9000956265 /* Debug */,
				84F8917D22290E9000956265 /* Release */,
			);
			defaultConfigurationIsVisible = 0;
			defaultConfigurationName = Release;
		};
		84F8917E22290E9000956265 /* Build configuration list for PBXNativeTarget "Daily" */ = {
			isa = XCConfigurationList;
			buildConfigurations = (
				84F8917F22290E9000956265 /* Debug */,
				84F8918022290E9000956265 /* Release */,
			);
			defaultConfigurationIsVisible = 0;
			defaultConfigurationName = Release;
		};
/* End XCConfigurationList section */

/* Begin XCVersionGroup section */
		84F8917322290E8D00956265 /* Daily.xcdatamodeld */ = {
			isa = XCVersionGroup;
			children = (
				84F8917422290E8D00956265 /* Daily.xcdatamodel */,
			);
			currentVersion = 84F8917422290E8D00956265 /* Daily.xcdatamodel */;
			path = Daily.xcdatamodeld;
			sourceTree = "<group>";
			versionGroupType = wrapper.xcdatamodel;
		};
/* End XCVersionGroup section */
	};
	rootObject = 84F8916122290E8D00956265 /* Project object */;
}
