// !$*UTF8*$!
{
	archiveVersion = 1;
	classes = {
	};
	objectVersion = 50;
	objects = {

/* Begin PBXBuildFile section */
		2D0CFA15239220B700F8AFBB /* UIView+Extension.swift in Sources */ = {isa = PBXBuildFile; fileRef = 2D0CFA14239220B700F8AFBB /* UIView+Extension.swift */; };
		2D0CFA17239221FE00F8AFBB /* UIViewController+Extension.swift in Sources */ = {isa = PBXBuildFile; fileRef = 2D0CFA16239221FE00F8AFBB /* UIViewController+Extension.swift */; };
		2D8770A623B79E7900A38D9F /* NavigationTitleStackView.swift in Sources */ = {isa = PBXBuildFile; fileRef = 2D8770A523B79E7900A38D9F /* NavigationTitleStackView.swift */; };
		2D8CE451232F67F500EC523E /* ImageRecordTableViewCell.swift in Sources */ = {isa = PBXBuildFile; fileRef = 2D8CE44F232F67F500EC523E /* ImageRecordTableViewCell.swift */; };
		2D8CE452232F67F500EC523E /* ImageRecordTableViewCell.xib in Resources */ = {isa = PBXBuildFile; fileRef = 2D8CE450232F67F500EC523E /* ImageRecordTableViewCell.xib */; };
		2D9EEF37232B7E63002CCB49 /* NoteRecordTableViewCell.swift in Sources */ = {isa = PBXBuildFile; fileRef = 2D9EEF35232B7E63002CCB49 /* NoteRecordTableViewCell.swift */; };
		2D9EEF38232B7E63002CCB49 /* NoteRecordTableViewCell.xib in Resources */ = {isa = PBXBuildFile; fileRef = 2D9EEF36232B7E63002CCB49 /* NoteRecordTableViewCell.xib */; };
		2DD0AFC923917377009BED48 /* SmallSecondaryTextLabel.swift in Sources */ = {isa = PBXBuildFile; fileRef = 2DD0AFC823917377009BED48 /* SmallSecondaryTextLabel.swift */; };
		2DD0AFCB239177D0009BED48 /* MediumPrimaryTextLabel.swift in Sources */ = {isa = PBXBuildFile; fileRef = 2DD0AFCA239177D0009BED48 /* MediumPrimaryTextLabel.swift */; };
		2DD0AFCD23917B86009BED48 /* BaseLabel.swift in Sources */ = {isa = PBXBuildFile; fileRef = 2DD0AFCC23917B86009BED48 /* BaseLabel.swift */; };
		2DD0AFCF23917C81009BED48 /* LargePrimaryLabel.swift in Sources */ = {isa = PBXBuildFile; fileRef = 2DD0AFCE23917C81009BED48 /* LargePrimaryLabel.swift */; };
		2DD0AFD7239194AF009BED48 /* DayRecordsListViewController.swift in Sources */ = {isa = PBXBuildFile; fileRef = 2DD0AFD5239194AF009BED48 /* DayRecordsListViewController.swift */; };
		2DD0AFD8239194AF009BED48 /* DayRecordsListViewController.xib in Resources */ = {isa = PBXBuildFile; fileRef = 2DD0AFD6239194AF009BED48 /* DayRecordsListViewController.xib */; };
		84008BF9224A11B8000CB9A2 /* Record.swift in Sources */ = {isa = PBXBuildFile; fileRef = 84008BF5224A11B8000CB9A2 /* Record.swift */; };
		84008BFB224A11B8000CB9A2 /* Day.swift in Sources */ = {isa = PBXBuildFile; fileRef = 84008BF7224A11B8000CB9A2 /* Day.swift */; };
		8444DFB422DF8C1E0076C856 /* ImageRecordViewController.swift in Sources */ = {isa = PBXBuildFile; fileRef = 8444DFB322DF8C1E0076C856 /* ImageRecordViewController.swift */; };
		846BA3992256443200595D61 /* CalendarDrawer.swift in Sources */ = {isa = PBXBuildFile; fileRef = 846BA3982256443200595D61 /* CalendarDrawer.swift */; };
		846DF5B222B6604E0095A065 /* DayViewController.swift in Sources */ = {isa = PBXBuildFile; fileRef = 846DF5B122B6604E0095A065 /* DayViewController.swift */; };
		846DF5B622B6878A0095A065 /* ImageRecord.swift in Sources */ = {isa = PBXBuildFile; fileRef = 846DF5B522B6878A0095A065 /* ImageRecord.swift */; };
		8472597722AC02A100BCBA42 /* _NoteRecordViewController.swift in Sources */ = {isa = PBXBuildFile; fileRef = 8472597622AC02A100BCBA42 /* _NoteRecordViewController.swift */; };
		8472597C22AD3C7400BCBA42 /* NoteRecord.swift in Sources */ = {isa = PBXBuildFile; fileRef = 8472597B22AD3C7400BCBA42 /* NoteRecord.swift */; };
		84F8916D22290E8D00956265 /* AppDelegate.swift in Sources */ = {isa = PBXBuildFile; fileRef = 84F8916C22290E8D00956265 /* AppDelegate.swift */; };
		84F8916F22290E8D00956265 /* CalendarViewController.swift in Sources */ = {isa = PBXBuildFile; fileRef = 84F8916E22290E8D00956265 /* CalendarViewController.swift */; };
		84F8917222290E8D00956265 /* Main.storyboard in Resources */ = {isa = PBXBuildFile; fileRef = 84F8917022290E8D00956265 /* Main.storyboard */; };
		84F8917522290E8D00956265 /* Daily.xcdatamodeld in Sources */ = {isa = PBXBuildFile; fileRef = 84F8917322290E8D00956265 /* Daily.xcdatamodeld */; };
		84F8917722290E9000956265 /* Assets.xcassets in Resources */ = {isa = PBXBuildFile; fileRef = 84F8917622290E9000956265 /* Assets.xcassets */; };
		84F8917A22290E9000956265 /* LaunchScreen.storyboard in Resources */ = {isa = PBXBuildFile; fileRef = 84F8917822290E9000956265 /* LaunchScreen.storyboard */; };
		84F8918622297AE700956265 /* Date+Extension.swift in Sources */ = {isa = PBXBuildFile; fileRef = 84F8918522297AE700956265 /* Date+Extension.swift */; };
		84FB729622ABF38600DA7CE2 /* DayRate.storyboard in Resources */ = {isa = PBXBuildFile; fileRef = 84FB729522ABF38600DA7CE2 /* DayRate.storyboard */; };
		84FB729922ABF58900DA7CE2 /* DayRateViewController.swift in Sources */ = {isa = PBXBuildFile; fileRef = 84FB729822ABF58900DA7CE2 /* DayRateViewController.swift */; };
		84FF3F2A22FEC4C200CEF093 /* Theme.swift in Sources */ = {isa = PBXBuildFile; fileRef = 84FF3F2922FEC4C100CEF093 /* Theme.swift */; };
		84FF3F3022FF01EE00CEF093 /* UIImageView+Extension.swift in Sources */ = {isa = PBXBuildFile; fileRef = 84FF3F2F22FF01EE00CEF093 /* UIImageView+Extension.swift */; };
		84FF3F3923071AF600CEF093 /* DayRateTableViewCell.swift in Sources */ = {isa = PBXBuildFile; fileRef = 84FF3F3723071AF600CEF093 /* DayRateTableViewCell.swift */; };
		84FF3F3A23071AF600CEF093 /* DayRateTableViewCell.xib in Resources */ = {isa = PBXBuildFile; fileRef = 84FF3F3823071AF600CEF093 /* DayRateTableViewCell.xib */; };
		C100E1DF23ED9F8700B69182 /* SelectRateViewController.swift in Sources */ = {isa = PBXBuildFile; fileRef = C100E1DD23ED9F8700B69182 /* SelectRateViewController.swift */; };
		C100E1E023ED9F8700B69182 /* SelectRateViewController.xib in Resources */ = {isa = PBXBuildFile; fileRef = C100E1DE23ED9F8700B69182 /* SelectRateViewController.xib */; };
		C15815E52400437E0060B9FA /* DAOService.swift in Sources */ = {isa = PBXBuildFile; fileRef = C15815E42400437E0060B9FA /* DAOService.swift */; };
		C15815E72400474C0060B9FA /* DAODayService.swift in Sources */ = {isa = PBXBuildFile; fileRef = C15815E62400474C0060B9FA /* DAODayService.swift */; };
		C15815E9240047DF0060B9FA /* DAOImageService.swift in Sources */ = {isa = PBXBuildFile; fileRef = C15815E8240047DF0060B9FA /* DAOImageService.swift */; };
		C15815EB24004A110060B9FA /* DAONoteService.swift in Sources */ = {isa = PBXBuildFile; fileRef = C15815EA24004A110060B9FA /* DAONoteService.swift */; };
		C1EBB28123F6D8F6001C3D94 /* NavigationBarLable.swift in Sources */ = {isa = PBXBuildFile; fileRef = C1EBB28023F6D8F6001C3D94 /* NavigationBarLable.swift */; };
		C1EBB28523F8269A001C3D94 /* NoteRecordViewController.swift in Sources */ = {isa = PBXBuildFile; fileRef = C1EBB28323F8269A001C3D94 /* NoteRecordViewController.swift */; };
		C1EBB28623F8269A001C3D94 /* NoteRecordViewController.xib in Resources */ = {isa = PBXBuildFile; fileRef = C1EBB28423F8269A001C3D94 /* NoteRecordViewController.xib */; };
/* End PBXBuildFile section */

/* Begin PBXFileReference section */
		2D0CFA14239220B700F8AFBB /* UIView+Extension.swift */ = {isa = PBXFileReference; lastKnownFileType = sourcecode.swift; path = "UIView+Extension.swift"; sourceTree = "<group>"; };
		2D0CFA16239221FE00F8AFBB /* UIViewController+Extension.swift */ = {isa = PBXFileReference; lastKnownFileType = sourcecode.swift; path = "UIViewController+Extension.swift"; sourceTree = "<group>"; };
		2D8770A523B79E7900A38D9F /* NavigationTitleStackView.swift */ = {isa = PBXFileReference; lastKnownFileType = sourcecode.swift; path = NavigationTitleStackView.swift; sourceTree = "<group>"; };
		2D8CE44F232F67F500EC523E /* ImageRecordTableViewCell.swift */ = {isa = PBXFileReference; lastKnownFileType = sourcecode.swift; path = ImageRecordTableViewCell.swift; sourceTree = "<group>"; };
		2D8CE450232F67F500EC523E /* ImageRecordTableViewCell.xib */ = {isa = PBXFileReference; lastKnownFileType = file.xib; path = ImageRecordTableViewCell.xib; sourceTree = "<group>"; };
		2D9EEF35232B7E63002CCB49 /* NoteRecordTableViewCell.swift */ = {isa = PBXFileReference; lastKnownFileType = sourcecode.swift; path = NoteRecordTableViewCell.swift; sourceTree = "<group>"; };
		2D9EEF36232B7E63002CCB49 /* NoteRecordTableViewCell.xib */ = {isa = PBXFileReference; lastKnownFileType = file.xib; path = NoteRecordTableViewCell.xib; sourceTree = "<group>"; };
		2DD0AFC823917377009BED48 /* SmallSecondaryTextLabel.swift */ = {isa = PBXFileReference; lastKnownFileType = sourcecode.swift; path = SmallSecondaryTextLabel.swift; sourceTree = "<group>"; };
		2DD0AFCA239177D0009BED48 /* MediumPrimaryTextLabel.swift */ = {isa = PBXFileReference; lastKnownFileType = sourcecode.swift; path = MediumPrimaryTextLabel.swift; sourceTree = "<group>"; };
		2DD0AFCC23917B86009BED48 /* BaseLabel.swift */ = {isa = PBXFileReference; lastKnownFileType = sourcecode.swift; path = BaseLabel.swift; sourceTree = "<group>"; };
		2DD0AFCE23917C81009BED48 /* LargePrimaryLabel.swift */ = {isa = PBXFileReference; lastKnownFileType = sourcecode.swift; path = LargePrimaryLabel.swift; sourceTree = "<group>"; };
		2DD0AFD5239194AF009BED48 /* DayRecordsListViewController.swift */ = {isa = PBXFileReference; lastKnownFileType = sourcecode.swift; path = DayRecordsListViewController.swift; sourceTree = "<group>"; };
		2DD0AFD6239194AF009BED48 /* DayRecordsListViewController.xib */ = {isa = PBXFileReference; lastKnownFileType = file.xib; path = DayRecordsListViewController.xib; sourceTree = "<group>"; };
		84008BF5224A11B8000CB9A2 /* Record.swift */ = {isa = PBXFileReference; lastKnownFileType = sourcecode.swift; path = Record.swift; sourceTree = "<group>"; };
		84008BF7224A11B8000CB9A2 /* Day.swift */ = {isa = PBXFileReference; lastKnownFileType = sourcecode.swift; path = Day.swift; sourceTree = "<group>"; };
		8444DFB322DF8C1E0076C856 /* ImageRecordViewController.swift */ = {isa = PBXFileReference; lastKnownFileType = sourcecode.swift; path = ImageRecordViewController.swift; sourceTree = "<group>"; };
		846BA3982256443200595D61 /* CalendarDrawer.swift */ = {isa = PBXFileReference; lastKnownFileType = sourcecode.swift; path = CalendarDrawer.swift; sourceTree = "<group>"; };
		846DF5B122B6604E0095A065 /* DayViewController.swift */ = {isa = PBXFileReference; lastKnownFileType = sourcecode.swift; path = DayViewController.swift; sourceTree = "<group>"; };
		846DF5B522B6878A0095A065 /* ImageRecord.swift */ = {isa = PBXFileReference; lastKnownFileType = sourcecode.swift; path = ImageRecord.swift; sourceTree = "<group>"; };
		8472597622AC02A100BCBA42 /* _NoteRecordViewController.swift */ = {isa = PBXFileReference; lastKnownFileType = sourcecode.swift; path = _NoteRecordViewController.swift; sourceTree = "<group>"; };
		8472597B22AD3C7400BCBA42 /* NoteRecord.swift */ = {isa = PBXFileReference; lastKnownFileType = sourcecode.swift; path = NoteRecord.swift; sourceTree = "<group>"; };
		84F8916922290E8D00956265 /* Daily.app */ = {isa = PBXFileReference; explicitFileType = wrapper.application; includeInIndex = 0; path = Daily.app; sourceTree = BUILT_PRODUCTS_DIR; };
		84F8916C22290E8D00956265 /* AppDelegate.swift */ = {isa = PBXFileReference; lastKnownFileType = sourcecode.swift; path = AppDelegate.swift; sourceTree = "<group>"; };
		84F8916E22290E8D00956265 /* CalendarViewController.swift */ = {isa = PBXFileReference; lastKnownFileType = sourcecode.swift; path = CalendarViewController.swift; sourceTree = "<group>"; };
		84F8917122290E8D00956265 /* Base */ = {isa = PBXFileReference; lastKnownFileType = file.storyboard; name = Base; path = Base.lproj/Main.storyboard; sourceTree = "<group>"; };
		84F8917422290E8D00956265 /* Daily.xcdatamodel */ = {isa = PBXFileReference; lastKnownFileType = wrapper.xcdatamodel; path = Daily.xcdatamodel; sourceTree = "<group>"; };
		84F8917622290E9000956265 /* Assets.xcassets */ = {isa = PBXFileReference; lastKnownFileType = folder.assetcatalog; path = Assets.xcassets; sourceTree = "<group>"; };
		84F8917922290E9000956265 /* Base */ = {isa = PBXFileReference; lastKnownFileType = file.storyboard; name = Base; path = Base.lproj/LaunchScreen.storyboard; sourceTree = "<group>"; };
		84F8917B22290E9000956265 /* Info.plist */ = {isa = PBXFileReference; lastKnownFileType = text.plist.xml; path = Info.plist; sourceTree = "<group>"; };
		84F8918522297AE700956265 /* Date+Extension.swift */ = {isa = PBXFileReference; lastKnownFileType = sourcecode.swift; path = "Date+Extension.swift"; sourceTree = "<group>"; };
		84FB729522ABF38600DA7CE2 /* DayRate.storyboard */ = {isa = PBXFileReference; lastKnownFileType = file.storyboard; path = DayRate.storyboard; sourceTree = "<group>"; };
		84FB729822ABF58900DA7CE2 /* DayRateViewController.swift */ = {isa = PBXFileReference; lastKnownFileType = sourcecode.swift; path = DayRateViewController.swift; sourceTree = "<group>"; };
		84FF3F2922FEC4C100CEF093 /* Theme.swift */ = {isa = PBXFileReference; lastKnownFileType = sourcecode.swift; path = Theme.swift; sourceTree = "<group>"; };
		84FF3F2F22FF01EE00CEF093 /* UIImageView+Extension.swift */ = {isa = PBXFileReference; lastKnownFileType = sourcecode.swift; path = "UIImageView+Extension.swift"; sourceTree = "<group>"; };
		84FF3F3723071AF600CEF093 /* DayRateTableViewCell.swift */ = {isa = PBXFileReference; lastKnownFileType = sourcecode.swift; path = DayRateTableViewCell.swift; sourceTree = "<group>"; };
		84FF3F3823071AF600CEF093 /* DayRateTableViewCell.xib */ = {isa = PBXFileReference; lastKnownFileType = file.xib; path = DayRateTableViewCell.xib; sourceTree = "<group>"; };
		C100E1DD23ED9F8700B69182 /* SelectRateViewController.swift */ = {isa = PBXFileReference; lastKnownFileType = sourcecode.swift; path = SelectRateViewController.swift; sourceTree = "<group>"; };
		C100E1DE23ED9F8700B69182 /* SelectRateViewController.xib */ = {isa = PBXFileReference; lastKnownFileType = file.xib; path = SelectRateViewController.xib; sourceTree = "<group>"; };
		C15815E42400437E0060B9FA /* DAOService.swift */ = {isa = PBXFileReference; lastKnownFileType = sourcecode.swift; path = DAOService.swift; sourceTree = "<group>"; };
		C15815E62400474C0060B9FA /* DAODayService.swift */ = {isa = PBXFileReference; lastKnownFileType = sourcecode.swift; path = DAODayService.swift; sourceTree = "<group>"; };
		C15815E8240047DF0060B9FA /* DAOImageService.swift */ = {isa = PBXFileReference; lastKnownFileType = sourcecode.swift; path = DAOImageService.swift; sourceTree = "<group>"; };
		C15815EA24004A110060B9FA /* DAONoteService.swift */ = {isa = PBXFileReference; lastKnownFileType = sourcecode.swift; path = DAONoteService.swift; sourceTree = "<group>"; };
		C1EBB28023F6D8F6001C3D94 /* NavigationBarLable.swift */ = {isa = PBXFileReference; lastKnownFileType = sourcecode.swift; path = NavigationBarLable.swift; sourceTree = "<group>"; };
		C1EBB28323F8269A001C3D94 /* NoteRecordViewController.swift */ = {isa = PBXFileReference; lastKnownFileType = sourcecode.swift; path = NoteRecordViewController.swift; sourceTree = "<group>"; };
		C1EBB28423F8269A001C3D94 /* NoteRecordViewController.xib */ = {isa = PBXFileReference; lastKnownFileType = file.xib; path = NoteRecordViewController.xib; sourceTree = "<group>"; };
/* End PBXFileReference section */

/* Begin PBXFrameworksBuildPhase section */
		84F8916622290E8D00956265 /* Frameworks */ = {
			isa = PBXFrameworksBuildPhase;
			buildActionMask = 2147483647;
			files = (
			);
			runOnlyForDeploymentPostprocessing = 0;
		};
/* End PBXFrameworksBuildPhase section */

/* Begin PBXGroup section */
		2D8770A323B79E2E00A38D9F /* StackView */ = {
			isa = PBXGroup;
			children = (
				2D8770A523B79E7900A38D9F /* NavigationTitleStackView.swift */,
			);
			path = StackView;
			sourceTree = "<group>";
		};
		2D8770A423B79E5100A38D9F /* Other */ = {
			isa = PBXGroup;
			children = (
				84FF3F2922FEC4C100CEF093 /* Theme.swift */,
			);
			path = Other;
			sourceTree = "<group>";
		};
		2D8CE44E232F67C900EC523E /* ImageRecordTableViewCell */ = {
			isa = PBXGroup;
			children = (
				2D8CE44F232F67F500EC523E /* ImageRecordTableViewCell.swift */,
				2D8CE450232F67F500EC523E /* ImageRecordTableViewCell.xib */,
			);
			path = ImageRecordTableViewCell;
			sourceTree = "<group>";
		};
		2D9EEF2C232B7B06002CCB49 /* DayRateTabelViewCell */ = {
			isa = PBXGroup;
			children = (
				84FF3F3723071AF600CEF093 /* DayRateTableViewCell.swift */,
				84FF3F3823071AF600CEF093 /* DayRateTableViewCell.xib */,
			);
			path = DayRateTabelViewCell;
			sourceTree = "<group>";
		};
		2D9EEF34232B7E01002CCB49 /* NoteRecordTableViewCell */ = {
			isa = PBXGroup;
			children = (
				2D9EEF35232B7E63002CCB49 /* NoteRecordTableViewCell.swift */,
				2D9EEF36232B7E63002CCB49 /* NoteRecordTableViewCell.xib */,
			);
			path = NoteRecordTableViewCell;
			sourceTree = "<group>";
		};
		2DD0AFC6239172E4009BED48 /* UI */ = {
			isa = PBXGroup;
			children = (
				2D8770A423B79E5100A38D9F /* Other */,
				2D8770A323B79E2E00A38D9F /* StackView */,
				2DD0AFD023918438009BED48 /* Labels */,
			);
			path = UI;
			sourceTree = "<group>";
		};
		2DD0AFD023918438009BED48 /* Labels */ = {
			isa = PBXGroup;
			children = (
				2DD0AFCC23917B86009BED48 /* BaseLabel.swift */,
				2DD0AFC823917377009BED48 /* SmallSecondaryTextLabel.swift */,
				2DD0AFCA239177D0009BED48 /* MediumPrimaryTextLabel.swift */,
				2DD0AFCE23917C81009BED48 /* LargePrimaryLabel.swift */,
				C1EBB28023F6D8F6001C3D94 /* NavigationBarLable.swift */,
			);
			path = Labels;
			sourceTree = "<group>";
		};
		2DD0AFD42391943C009BED48 /* DayRecordsListViewController */ = {
			isa = PBXGroup;
			children = (
				2DD0AFD5239194AF009BED48 /* DayRecordsListViewController.swift */,
				2DD0AFD6239194AF009BED48 /* DayRecordsListViewController.xib */,
			);
			path = DayRecordsListViewController;
			sourceTree = "<group>";
		};
		2DD0AFD9239194EC009BED48 /* ViewControllers */ = {
			isa = PBXGroup;
			children = (
				C1EBB28223F82672001C3D94 /* NoteRecordViewController */,
				C100E1DC23ED9F1300B69182 /* SelectRateViewController */,
				2DD0AFD42391943C009BED48 /* DayRecordsListViewController */,
			);
			path = ViewControllers;
			sourceTree = "<group>";
		};
		8472597122ABFC8700BCBA42 /* ___Managers */ = {
			isa = PBXGroup;
			children = (
				846BA3982256443200595D61 /* CalendarDrawer.swift */,
			);
			path = "___Managers";
			sourceTree = "<group>";
		};
		8472597522AC009F00BCBA42 /* Tools */ = {
			isa = PBXGroup;
			children = (
				84FB729822ABF58900DA7CE2 /* DayRateViewController.swift */,
			);
			path = Tools;
			sourceTree = "<group>";
		};
		8472597A22AD2E0A00BCBA42 /* Records */ = {
			isa = PBXGroup;
			children = (
				8472597622AC02A100BCBA42 /* _NoteRecordViewController.swift */,
				8444DFB322DF8C1E0076C856 /* ImageRecordViewController.swift */,
			);
			path = Records;
			sourceTree = "<group>";
		};
		84D6840F222D6AD5003F08F9 /* Extensions */ = {
			isa = PBXGroup;
			children = (
				84F8918522297AE700956265 /* Date+Extension.swift */,
				2D0CFA14239220B700F8AFBB /* UIView+Extension.swift */,
				2D0CFA16239221FE00F8AFBB /* UIViewController+Extension.swift */,
				84FF3F2F22FF01EE00CEF093 /* UIImageView+Extension.swift */,
			);
			path = Extensions;
			sourceTree = "<group>";
		};
		84F796A12233A58E00596CD5 /* Models */ = {
			isa = PBXGroup;
			children = (
				84008BF7224A11B8000CB9A2 /* Day.swift */,
				84008BF5224A11B8000CB9A2 /* Record.swift */,
				8472597B22AD3C7400BCBA42 /* NoteRecord.swift */,
				846DF5B522B6878A0095A065 /* ImageRecord.swift */,
			);
			path = Models;
			sourceTree = "<group>";
		};
		84F796A22233A5AC00596CD5 /* ___ViewControllers */ = {
			isa = PBXGroup;
			children = (
				84F8916E22290E8D00956265 /* CalendarViewController.swift */,
				846DF5B122B6604E0095A065 /* DayViewController.swift */,
				8472597A22AD2E0A00BCBA42 /* Records */,
				8472597522AC009F00BCBA42 /* Tools */,
			);
			path = "___ViewControllers";
			sourceTree = "<group>";
		};
		84F8916022290E8D00956265 = {
			isa = PBXGroup;
			children = (
				84F8916B22290E8D00956265 /* Daily */,
				84F8916A22290E8D00956265 /* Products */,
			);
			sourceTree = "<group>";
		};
		84F8916A22290E8D00956265 /* Products */ = {
			isa = PBXGroup;
			children = (
				84F8916922290E8D00956265 /* Daily.app */,
			);
			name = Products;
			sourceTree = "<group>";
		};
		84F8916B22290E8D00956265 /* Daily */ = {
			isa = PBXGroup;
			children = (
				84FB729722ABF39400DA7CE2 /* ___Storyboards */,
				84F796A22233A5AC00596CD5 /* ___ViewControllers */,
				8472597122ABFC8700BCBA42 /* ___Managers */,
				2DD0AFD9239194EC009BED48 /* ViewControllers */,
				84FF3F3423071A9300CEF093 /* Views */,
				84F796A12233A58E00596CD5 /* Models */,
				84D6840F222D6AD5003F08F9 /* Extensions */,
				C15815E32400435D0060B9FA /* Services */,
				2DD0AFC6239172E4009BED48 /* UI */,
				84F8918122294A2F00956265 /* SupportFiles */,
			);
			path = Daily;
			sourceTree = "<group>";
		};
		84F8918122294A2F00956265 /* SupportFiles */ = {
			isa = PBXGroup;
			children = (
				84F8917322290E8D00956265 /* Daily.xcdatamodeld */,
				84F8917B22290E9000956265 /* Info.plist */,
				84F8916C22290E8D00956265 /* AppDelegate.swift */,
				84F8917822290E9000956265 /* LaunchScreen.storyboard */,
				84F8917622290E9000956265 /* Assets.xcassets */,
			);
			path = SupportFiles;
			sourceTree = "<group>";
		};
		84FB729722ABF39400DA7CE2 /* ___Storyboards */ = {
			isa = PBXGroup;
			children = (
				84F8917022290E8D00956265 /* Main.storyboard */,
				84FB729522ABF38600DA7CE2 /* DayRate.storyboard */,
			);
			path = "___Storyboards";
			sourceTree = "<group>";
		};
		84FF3F3423071A9300CEF093 /* Views */ = {
			isa = PBXGroup;
			children = (
				2D9EEF34232B7E01002CCB49 /* NoteRecordTableViewCell */,
				2D8CE44E232F67C900EC523E /* ImageRecordTableViewCell */,
				2D9EEF2C232B7B06002CCB49 /* DayRateTabelViewCell */,
			);
			path = Views;
			sourceTree = "<group>";
		};
		C100E1DC23ED9F1300B69182 /* SelectRateViewController */ = {
			isa = PBXGroup;
			children = (
				C100E1DD23ED9F8700B69182 /* SelectRateViewController.swift */,
				C100E1DE23ED9F8700B69182 /* SelectRateViewController.xib */,
			);
			path = SelectRateViewController;
			sourceTree = "<group>";
		};
		C15815E32400435D0060B9FA /* Services */ = {
			isa = PBXGroup;
			children = (
				C15815E42400437E0060B9FA /* DAOService.swift */,
				C15815E62400474C0060B9FA /* DAODayService.swift */,
				C15815E8240047DF0060B9FA /* DAOImageService.swift */,
				C15815EA24004A110060B9FA /* DAONoteService.swift */,
			);
			path = Services;
			sourceTree = "<group>";
		};
		C1EBB28223F82672001C3D94 /* NoteRecordViewController */ = {
			isa = PBXGroup;
			children = (
				C1EBB28323F8269A001C3D94 /* NoteRecordViewController.swift */,
				C1EBB28423F8269A001C3D94 /* NoteRecordViewController.xib */,
			);
			path = NoteRecordViewController;
			sourceTree = "<group>";
		};
/* End PBXGroup section */

/* Begin PBXNativeTarget section */
		84F8916822290E8D00956265 /* Daily */ = {
			isa = PBXNativeTarget;
			buildConfigurationList = 84F8917E22290E9000956265 /* Build configuration list for PBXNativeTarget "Daily" */;
			buildPhases = (
				84F8916522290E8D00956265 /* Sources */,
				84F8916622290E8D00956265 /* Frameworks */,
				84F8916722290E8D00956265 /* Resources */,
			);
			buildRules = (
			);
			dependencies = (
			);
			name = Daily;
			productName = Daily;
			productReference = 84F8916922290E8D00956265 /* Daily.app */;
			productType = "com.apple.product-type.application";
		};
/* End PBXNativeTarget section */

/* Begin PBXProject section */
		84F8916122290E8D00956265 /* Project object */ = {
			isa = PBXProject;
			attributes = {
				LastSwiftUpdateCheck = 1010;
				LastUpgradeCheck = 1100;
				ORGANIZATIONNAME = buldog.team;
				TargetAttributes = {
					84F8916822290E8D00956265 = {
						CreatedOnToolsVersion = 10.1;
						LastSwiftMigration = 1020;
					};
				};
			};
			buildConfigurationList = 84F8916422290E8D00956265 /* Build configuration list for PBXProject "Daily" */;
			compatibilityVersion = "Xcode 9.3";
			developmentRegion = en;
			hasScannedForEncodings = 0;
			knownRegions = (
				en,
				Base,
			);
			mainGroup = 84F8916022290E8D00956265;
			productRefGroup = 84F8916A22290E8D00956265 /* Products */;
			projectDirPath = "";
			projectRoot = "";
			targets = (
				84F8916822290E8D00956265 /* Daily */,
			);
		};
/* End PBXProject section */

/* Begin PBXResourcesBuildPhase section */
		84F8916722290E8D00956265 /* Resources */ = {
			isa = PBXResourcesBuildPhase;
			buildActionMask = 2147483647;
			files = (
				84FF3F3A23071AF600CEF093 /* DayRateTableViewCell.xib in Resources */,
				C1EBB28623F8269A001C3D94 /* NoteRecordViewController.xib in Resources */,
				84FB729622ABF38600DA7CE2 /* DayRate.storyboard in Resources */,
				2D8CE452232F67F500EC523E /* ImageRecordTableViewCell.xib in Resources */,
				84F8917A22290E9000956265 /* LaunchScreen.storyboard in Resources */,
				2DD0AFD8239194AF009BED48 /* DayRecordsListViewController.xib in Resources */,
				2D9EEF38232B7E63002CCB49 /* NoteRecordTableViewCell.xib in Resources */,
				84F8917722290E9000956265 /* Assets.xcassets in Resources */,
				84F8917222290E8D00956265 /* Main.storyboard in Resources */,
				C100E1E023ED9F8700B69182 /* SelectRateViewController.xib in Resources */,
			);
			runOnlyForDeploymentPostprocessing = 0;
		};
/* End PBXResourcesBuildPhase section */

/* Begin PBXSourcesBuildPhase section */
		84F8916522290E8D00956265 /* Sources */ = {
			isa = PBXSourcesBuildPhase;
			buildActionMask = 2147483647;
			files = (
				2DD0AFD7239194AF009BED48 /* DayRecordsListViewController.swift in Sources */,
				84F8916F22290E8D00956265 /* CalendarViewController.swift in Sources */,
				846BA3992256443200595D61 /* CalendarDrawer.swift in Sources */,
				C1EBB28523F8269A001C3D94 /* NoteRecordViewController.swift in Sources */,
				C15815EB24004A110060B9FA /* DAONoteService.swift in Sources */,
				846DF5B622B6878A0095A065 /* ImageRecord.swift in Sources */,
				2DD0AFCD23917B86009BED48 /* BaseLabel.swift in Sources */,
				2D8770A623B79E7900A38D9F /* NavigationTitleStackView.swift in Sources */,
				2D8CE451232F67F500EC523E /* ImageRecordTableViewCell.swift in Sources */,
				84F8918622297AE700956265 /* Date+Extension.swift in Sources */,
				84008BFB224A11B8000CB9A2 /* Day.swift in Sources */,
				2DD0AFCF23917C81009BED48 /* LargePrimaryLabel.swift in Sources */,
				84008BF9224A11B8000CB9A2 /* Record.swift in Sources */,
				84FF3F3022FF01EE00CEF093 /* UIImageView+Extension.swift in Sources */,
				C1EBB28123F6D8F6001C3D94 /* NavigationBarLable.swift in Sources */,
				C100E1DF23ED9F8700B69182 /* SelectRateViewController.swift in Sources */,
				2D0CFA15239220B700F8AFBB /* UIView+Extension.swift in Sources */,
				2DD0AFC923917377009BED48 /* SmallSecondaryTextLabel.swift in Sources */,
				C15815E72400474C0060B9FA /* DAODayService.swift in Sources */,
				2D0CFA17239221FE00F8AFBB /* UIViewController+Extension.swift in Sources */,
				C15815E9240047DF0060B9FA /* DAOImageService.swift in Sources */,
				84FF3F3923071AF600CEF093 /* DayRateTableViewCell.swift in Sources */,
				84F8917522290E8D00956265 /* Daily.xcdatamodeld in Sources */,
				8472597722AC02A100BCBA42 /* _NoteRecordViewController.swift in Sources */,
				2D9EEF37232B7E63002CCB49 /* NoteRecordTableViewCell.swift in Sources */,
				846DF5B222B6604E0095A065 /* DayViewController.swift in Sources */,
				8472597C22AD3C7400BCBA42 /* NoteRecord.swift in Sources */,
				84FF3F2A22FEC4C200CEF093 /* Theme.swift in Sources */,
				84F8916D22290E8D00956265 /* AppDelegate.swift in Sources */,
				2DD0AFCB239177D0009BED48 /* MediumPrimaryTextLabel.swift in Sources */,
				84FB729922ABF58900DA7CE2 /* DayRateViewController.swift in Sources */,
				8444DFB422DF8C1E0076C856 /* ImageRecordViewController.swift in Sources */,
				C15815E52400437E0060B9FA /* DAOService.swift in Sources */,
			);
			runOnlyForDeploymentPostprocessing = 0;
		};
/* End PBXSourcesBuildPhase section */

/* Begin PBXVariantGroup section */
		84F8917022290E8D00956265 /* Main.storyboard */ = {
			isa = PBXVariantGroup;
			children = (
				84F8917122290E8D00956265 /* Base */,
			);
			name = Main.storyboard;
			sourceTree = "<group>";
		};
		84F8917822290E9000956265 /* LaunchScreen.storyboard */ = {
			isa = PBXVariantGroup;
			children = (
				84F8917922290E9000956265 /* Base */,
			);
			name = LaunchScreen.storyboard;
			sourceTree = "<group>";
		};
/* End PBXVariantGroup section */

/* Begin XCBuildConfiguration section */
		84F8917C22290E9000956265 /* Debug */ = {
			isa = XCBuildConfiguration;
			buildSettings = {
				ALWAYS_SEARCH_USER_PATHS = NO;
				CLANG_ANALYZER_NONNULL = YES;
				CLANG_ANALYZER_NUMBER_OBJECT_CONVERSION = YES_AGGRESSIVE;
				CLANG_CXX_LANGUAGE_STANDARD = "gnu++14";
				CLANG_CXX_LIBRARY = "libc++";
				CLANG_ENABLE_MODULES = YES;
				CLANG_ENABLE_OBJC_ARC = YES;
				CLANG_ENABLE_OBJC_WEAK = YES;
				CLANG_WARN_BLOCK_CAPTURE_AUTORELEASING = YES;
				CLANG_WARN_BOOL_CONVERSION = YES;
				CLANG_WARN_COMMA = YES;
				CLANG_WARN_CONSTANT_CONVERSION = YES;
				CLANG_WARN_DEPRECATED_OBJC_IMPLEMENTATIONS = YES;
				CLANG_WARN_DIRECT_OBJC_ISA_USAGE = YES_ERROR;
				CLANG_WARN_DOCUMENTATION_COMMENTS = YES;
				CLANG_WARN_EMPTY_BODY = YES;
				CLANG_WARN_ENUM_CONVERSION = YES;
				CLANG_WARN_INFINITE_RECURSION = YES;
				CLANG_WARN_INT_CONVERSION = YES;
				CLANG_WARN_NON_LITERAL_NULL_CONVERSION = YES;
				CLANG_WARN_OBJC_IMPLICIT_RETAIN_SELF = YES;
				CLANG_WARN_OBJC_LITERAL_CONVERSION = YES;
				CLANG_WARN_OBJC_ROOT_CLASS = YES_ERROR;
				CLANG_WARN_RANGE_LOOP_ANALYSIS = YES;
				CLANG_WARN_STRICT_PROTOTYPES = YES;
				CLANG_WARN_SUSPICIOUS_MOVE = YES;
				CLANG_WARN_UNGUARDED_AVAILABILITY = YES_AGGRESSIVE;
				CLANG_WARN_UNREACHABLE_CODE = YES;
				CLANG_WARN__DUPLICATE_METHOD_MATCH = YES;
				CODE_SIGN_IDENTITY = "iPhone Developer";
				COPY_PHASE_STRIP = NO;
				DEBUG_INFORMATION_FORMAT = dwarf;
				ENABLE_STRICT_OBJC_MSGSEND = YES;
				ENABLE_TESTABILITY = YES;
				GCC_C_LANGUAGE_STANDARD = gnu11;
				GCC_DYNAMIC_NO_PIC = NO;
				GCC_NO_COMMON_BLOCKS = YES;
				GCC_OPTIMIZATION_LEVEL = 0;
				GCC_PREPROCESSOR_DEFINITIONS = (
					"DEBUG=1",
					"$(inherited)",
				);
				GCC_WARN_64_TO_32_BIT_CONVERSION = YES;
				GCC_WARN_ABOUT_RETURN_TYPE = YES_ERROR;
				GCC_WARN_UNDECLARED_SELECTOR = YES;
				GCC_WARN_UNINITIALIZED_AUTOS = YES_AGGRESSIVE;
				GCC_WARN_UNUSED_FUNCTION = YES;
				GCC_WARN_UNUSED_VARIABLE = YES;
				IPHONEOS_DEPLOYMENT_TARGET = 13.0;
				MTL_ENABLE_DEBUG_INFO = INCLUDE_SOURCE;
				MTL_FAST_MATH = YES;
				ONLY_ACTIVE_ARCH = YES;
				SDKROOT = iphoneos;
				SWIFT_ACTIVE_COMPILATION_CONDITIONS = DEBUG;
				SWIFT_OPTIMIZATION_LEVEL = "-Onone";
			};
			name = Debug;
		};
		84F8917D22290E9000956265 /* Release */ = {
			isa = XCBuildConfiguration;
			buildSettings = {
				ALWAYS_SEARCH_USER_PATHS = NO;
				CLANG_ANALYZER_NONNULL = YES;
				CLANG_ANALYZER_NUMBER_OBJECT_CONVERSION = YES_AGGRESSIVE;
				CLANG_CXX_LANGUAGE_STANDARD = "gnu++14";
				CLANG_CXX_LIBRARY = "libc++";
				CLANG_ENABLE_MODULES = YES;
				CLANG_ENABLE_OBJC_ARC = YES;
				CLANG_ENABLE_OBJC_WEAK = YES;
				CLANG_WARN_BLOCK_CAPTURE_AUTORELEASING = YES;
				CLANG_WARN_BOOL_CONVERSION = YES;
				CLANG_WARN_COMMA = YES;
				CLANG_WARN_CONSTANT_CONVERSION = YES;
				CLANG_WARN_DEPRECATED_OBJC_IMPLEMENTATIONS = YES;
				CLANG_WARN_DIRECT_OBJC_ISA_USAGE = YES_ERROR;
				CLANG_WARN_DOCUMENTATION_COMMENTS = YES;
				CLANG_WARN_EMPTY_BODY = YES;
				CLANG_WARN_ENUM_CONVERSION = YES;
				CLANG_WARN_INFINITE_RECURSION = YES;
				CLANG_WARN_INT_CONVERSION = YES;
				CLANG_WARN_NON_LITERAL_NULL_CONVERSION = YES;
				CLANG_WARN_OBJC_IMPLICIT_RETAIN_SELF = YES;
				CLANG_WARN_OBJC_LITERAL_CONVERSION = YES;
				CLANG_WARN_OBJC_ROOT_CLASS = YES_ERROR;
				CLANG_WARN_RANGE_LOOP_ANALYSIS = YES;
				CLANG_WARN_STRICT_PROTOTYPES = YES;
				CLANG_WARN_SUSPICIOUS_MOVE = YES;
				CLANG_WARN_UNGUARDED_AVAILABILITY = YES_AGGRESSIVE;
				CLANG_WARN_UNREACHABLE_CODE = YES;
				CLANG_WARN__DUPLICATE_METHOD_MATCH = YES;
				CODE_SIGN_IDENTITY = "iPhone Developer";
				COPY_PHASE_STRIP = NO;
				DEBUG_INFORMATION_FORMAT = "dwarf-with-dsym";
				ENABLE_NS_ASSERTIONS = NO;
				ENABLE_STRICT_OBJC_MSGSEND = YES;
				GCC_C_LANGUAGE_STANDARD = gnu11;
				GCC_NO_COMMON_BLOCKS = YES;
				GCC_WARN_64_TO_32_BIT_CONVERSION = YES;
				GCC_WARN_ABOUT_RETURN_TYPE = YES_ERROR;
				GCC_WARN_UNDECLARED_SELECTOR = YES;
				GCC_WARN_UNINITIALIZED_AUTOS = YES_AGGRESSIVE;
				GCC_WARN_UNUSED_FUNCTION = YES;
				GCC_WARN_UNUSED_VARIABLE = YES;
				IPHONEOS_DEPLOYMENT_TARGET = 13.0;
				MTL_ENABLE_DEBUG_INFO = NO;
				MTL_FAST_MATH = YES;
				SDKROOT = iphoneos;
				SWIFT_COMPILATION_MODE = wholemodule;
				SWIFT_OPTIMIZATION_LEVEL = "-O";
				VALIDATE_PRODUCT = YES;
			};
			name = Release;
		};
		84F8917F22290E9000956265 /* Debug */ = {
			isa = XCBuildConfiguration;
			buildSettings = {
				ASSETCATALOG_COMPILER_APPICON_NAME = AppIcon;
				CODE_SIGN_IDENTITY = "iPhone Developer";
				CODE_SIGN_STYLE = Automatic;
				DEVELOPMENT_TEAM = 3F9XHJ5DR4;
				INFOPLIST_FILE = Daily/SupportFiles/Info.plist;
				LD_RUNPATH_SEARCH_PATHS = (
					"$(inherited)",
					"@executable_path/Frameworks",
				);
				PRODUCT_BUNDLE_IDENTIFIER = team.buldog.daily;
				PRODUCT_NAME = "$(TARGET_NAME)";
				PROVISIONING_PROFILE_SPECIFIER = "";
				SWIFT_VERSION = 5.0;
				TARGETED_DEVICE_FAMILY = "1,2";
			};
			name = Debug;
		};
		84F8918022290E9000956265 /* Release */ = {
			isa = XCBuildConfiguration;
			buildSettings = {
				ASSETCATALOG_COMPILER_APPICON_NAME = AppIcon;
				CODE_SIGN_IDENTITY = "iPhone Developer";
				CODE_SIGN_STYLE = Automatic;
				DEVELOPMENT_TEAM = 3F9XHJ5DR4;
				INFOPLIST_FILE = Daily/SupportFiles/Info.plist;
				LD_RUNPATH_SEARCH_PATHS = (
					"$(inherited)",
					"@executable_path/Frameworks",
				);
				PRODUCT_BUNDLE_IDENTIFIER = team.buldog.daily;
				PRODUCT_NAME = "$(TARGET_NAME)";
				PROVISIONING_PROFILE_SPECIFIER = "";
				SWIFT_VERSION = 5.0;
				TARGETED_DEVICE_FAMILY = "1,2";
			};
			name = Release;
		};
/* End XCBuildConfiguration section */

/* Begin XCConfigurationList section */
		84F8916422290E8D00956265 /* Build configuration list for PBXProject "Daily" */ = {
			isa = XCConfigurationList;
			buildConfigurations = (
				84F8917C22290E9000956265 /* Debug */,
				84F8917D22290E9000956265 /* Release */,
			);
			defaultConfigurationIsVisible = 0;
			defaultConfigurationName = Release;
		};
		84F8917E22290E9000956265 /* Build configuration list for PBXNativeTarget "Daily" */ = {
			isa = XCConfigurationList;
			buildConfigurations = (
				84F8917F22290E9000956265 /* Debug */,
				84F8918022290E9000956265 /* Release */,
			);
			defaultConfigurationIsVisible = 0;
			defaultConfigurationName = Release;
		};
/* End XCConfigurationList section */

/* Begin XCVersionGroup section */
		84F8917322290E8D00956265 /* Daily.xcdatamodeld */ = {
			isa = XCVersionGroup;
			children = (
				84F8917422290E8D00956265 /* Daily.xcdatamodel */,
			);
			currentVersion = 84F8917422290E8D00956265 /* Daily.xcdatamodel */;
			path = Daily.xcdatamodeld;
			sourceTree = "<group>";
			versionGroupType = wrapper.xcdatamodel;
		};
/* End XCVersionGroup section */
	};
	rootObject = 84F8916122290E8D00956265 /* Project object */;
}
